// !$*UTF8*$!
{
	archiveVersion = 1;
	classes = {
	};
	objectVersion = 46;
	objects = {

/* Begin PBXBuildFile section */
		2DAEAB131CF6FF1A0063612F /* main.m in Sources */ = {isa = PBXBuildFile; fileRef = 2DAEAB121CF6FF1A0063612F /* main.m */; };
		2DAEAB161CF6FF1A0063612F /* AppDelegate.m in Sources */ = {isa = PBXBuildFile; fileRef = 2DAEAB151CF6FF1A0063612F /* AppDelegate.m */; };
		2DAEAB191CF6FF1A0063612F /* ViewController.m in Sources */ = {isa = PBXBuildFile; fileRef = 2DAEAB181CF6FF1A0063612F /* ViewController.m */; };
		2DAEAB1C1CF6FF1A0063612F /* Main.storyboard in Resources */ = {isa = PBXBuildFile; fileRef = 2DAEAB1A1CF6FF1A0063612F /* Main.storyboard */; };
		2DAEAB1E1CF6FF1A0063612F /* Assets.xcassets in Resources */ = {isa = PBXBuildFile; fileRef = 2DAEAB1D1CF6FF1A0063612F /* Assets.xcassets */; };
		2DAEAB211CF6FF1A0063612F /* LaunchScreen.storyboard in Resources */ = {isa = PBXBuildFile; fileRef = 2DAEAB1F1CF6FF1A0063612F /* LaunchScreen.storyboard */; };
		2DAEAB2C1CF6FF1A0063612F /* Demo_JSPatchTests.m in Sources */ = {isa = PBXBuildFile; fileRef = 2DAEAB2B1CF6FF1A0063612F /* Demo_JSPatchTests.m */; };
		2DAEAB381CF70BEE0063612F /* JSPatch.framework in Frameworks */ = {isa = PBXBuildFile; fileRef = 2DAEAB371CF70BEE0063612F /* JSPatch.framework */; };
		2DAEAB3A1CF70BFD0063612F /* JavaScriptCore.framework in Frameworks */ = {isa = PBXBuildFile; fileRef = 2DAEAB391CF70BFD0063612F /* JavaScriptCore.framework */; };
		2DAEAB3C1CF70C0F0063612F /* libz.tbd in Frameworks */ = {isa = PBXBuildFile; fileRef = 2DAEAB3B1CF70C0F0063612F /* libz.tbd */; };
		2DAEAB3E1CF70C2E0063612F /* main.js in Resources */ = {isa = PBXBuildFile; fileRef = 2DAEAB3D1CF70C2E0063612F /* main.js */; };
		2DAEAB421CF70FFE0063612F /* OneViewController.m in Sources */ = {isa = PBXBuildFile; fileRef = 2DAEAB411CF70FFE0063612F /* OneViewController.m */; };
		2DAEAB451CF711E20063612F /* TwoViewController.m in Sources */ = {isa = PBXBuildFile; fileRef = 2DAEAB441CF711E20063612F /* TwoViewController.m */; };
		2DAEAB481CF712130063612F /* ThreeViewController.m in Sources */ = {isa = PBXBuildFile; fileRef = 2DAEAB471CF712130063612F /* ThreeViewController.m */; };
		2DAEAB4B1CF712200063612F /* FourViewController.m in Sources */ = {isa = PBXBuildFile; fileRef = 2DAEAB4A1CF712200063612F /* FourViewController.m */; };
		2DAEAB4E1CF712300063612F /* FiveViewController.m in Sources */ = {isa = PBXBuildFile; fileRef = 2DAEAB4D1CF712300063612F /* FiveViewController.m */; };
		2DAEAB511CF712DA0063612F /* SixViewController.m in Sources */ = {isa = PBXBuildFile; fileRef = 2DAEAB501CF712DA0063612F /* SixViewController.m */; };
		2DAEAB541CF71DA10063612F /* SevenViewController.m in Sources */ = {isa = PBXBuildFile; fileRef = 2DAEAB531CF71DA10063612F /* SevenViewController.m */; };
		2DAEAB571CF7210E0063612F /* EightViewController.m in Sources */ = {isa = PBXBuildFile; fileRef = 2DAEAB561CF7210E0063612F /* EightViewController.m */; };
/* End PBXBuildFile section */

/* Begin PBXContainerItemProxy section */
		2DAEAB281CF6FF1A0063612F /* PBXContainerItemProxy */ = {
			isa = PBXContainerItemProxy;
			containerPortal = 2DAEAB061CF6FF1A0063612F /* Project object */;
			proxyType = 1;
			remoteGlobalIDString = 2DAEAB0D1CF6FF1A0063612F;
			remoteInfo = Demo_JSPatch;
		};
/* End PBXContainerItemProxy section */

/* Begin PBXFileReference section */
		2DAEAB0E1CF6FF1A0063612F /* Demo_JSPatch.app */ = {isa = PBXFileReference; explicitFileType = wrapper.application; includeInIndex = 0; path = Demo_JSPatch.app; sourceTree = BUILT_PRODUCTS_DIR; };
		2DAEAB121CF6FF1A0063612F /* main.m */ = {isa = PBXFileReference; lastKnownFileType = sourcecode.c.objc; path = main.m; sourceTree = "<group>"; };
		2DAEAB141CF6FF1A0063612F /* AppDelegate.h */ = {isa = PBXFileReference; lastKnownFileType = sourcecode.c.h; path = AppDelegate.h; sourceTree = "<group>"; };
		2DAEAB151CF6FF1A0063612F /* AppDelegate.m */ = {isa = PBXFileReference; lastKnownFileType = sourcecode.c.objc; path = AppDelegate.m; sourceTree = "<group>"; };
		2DAEAB171CF6FF1A0063612F /* ViewController.h */ = {isa = PBXFileReference; lastKnownFileType = sourcecode.c.h; path = ViewController.h; sourceTree = "<group>"; };
		2DAEAB181CF6FF1A0063612F /* ViewController.m */ = {isa = PBXFileReference; lastKnownFileType = sourcecode.c.objc; path = ViewController.m; sourceTree = "<group>"; };
		2DAEAB1B1CF6FF1A0063612F /* Base */ = {isa = PBXFileReference; lastKnownFileType = file.storyboard; name = Base; path = Base.lproj/Main.storyboard; sourceTree = "<group>"; };
		2DAEAB1D1CF6FF1A0063612F /* Assets.xcassets */ = {isa = PBXFileReference; lastKnownFileType = folder.assetcatalog; path = Assets.xcassets; sourceTree = "<group>"; };
		2DAEAB201CF6FF1A0063612F /* Base */ = {isa = PBXFileReference; lastKnownFileType = file.storyboard; name = Base; path = Base.lproj/LaunchScreen.storyboard; sourceTree = "<group>"; };
		2DAEAB221CF6FF1A0063612F /* Info.plist */ = {isa = PBXFileReference; lastKnownFileType = text.plist.xml; path = Info.plist; sourceTree = "<group>"; };
		2DAEAB271CF6FF1A0063612F /* Demo_JSPatchTests.xctest */ = {isa = PBXFileReference; explicitFileType = wrapper.cfbundle; includeInIndex = 0; path = Demo_JSPatchTests.xctest; sourceTree = BUILT_PRODUCTS_DIR; };
		2DAEAB2B1CF6FF1A0063612F /* Demo_JSPatchTests.m */ = {isa = PBXFileReference; lastKnownFileType = sourcecode.c.objc; path = Demo_JSPatchTests.m; sourceTree = "<group>"; };
		2DAEAB2D1CF6FF1A0063612F /* Info.plist */ = {isa = PBXFileReference; lastKnownFileType = text.plist.xml; path = Info.plist; sourceTree = "<group>"; };
		2DAEAB371CF70BEE0063612F /* JSPatch.framework */ = {isa = PBXFileReference; lastKnownFileType = wrapper.framework; name = JSPatch.framework; path = Demo_JSPatch/JSPatch.framework; sourceTree = "<group>"; };
		2DAEAB391CF70BFD0063612F /* JavaScriptCore.framework */ = {isa = PBXFileReference; lastKnownFileType = wrapper.framework; name = JavaScriptCore.framework; path = System/Library/Frameworks/JavaScriptCore.framework; sourceTree = SDKROOT; };
		2DAEAB3B1CF70C0F0063612F /* libz.tbd */ = {isa = PBXFileReference; lastKnownFileType = "sourcecode.text-based-dylib-definition"; name = libz.tbd; path = usr/lib/libz.tbd; sourceTree = SDKROOT; };
		2DAEAB3D1CF70C2E0063612F /* main.js */ = {isa = PBXFileReference; fileEncoding = 4; lastKnownFileType = sourcecode.javascript; path = main.js; sourceTree = "<group>"; };
		2DAEAB401CF70FFE0063612F /* OneViewController.h */ = {isa = PBXFileReference; fileEncoding = 4; lastKnownFileType = sourcecode.c.h; path = OneViewController.h; sourceTree = "<group>"; };
		2DAEAB411CF70FFE0063612F /* OneViewController.m */ = {isa = PBXFileReference; fileEncoding = 4; lastKnownFileType = sourcecode.c.objc; path = OneViewController.m; sourceTree = "<group>"; };
		2DAEAB431CF711E20063612F /* TwoViewController.h */ = {isa = PBXFileReference; fileEncoding = 4; lastKnownFileType = sourcecode.c.h; path = TwoViewController.h; sourceTree = "<group>"; };
		2DAEAB441CF711E20063612F /* TwoViewController.m */ = {isa = PBXFileReference; fileEncoding = 4; lastKnownFileType = sourcecode.c.objc; path = TwoViewController.m; sourceTree = "<group>"; };
		2DAEAB461CF712130063612F /* ThreeViewController.h */ = {isa = PBXFileReference; fileEncoding = 4; lastKnownFileType = sourcecode.c.h; path = ThreeViewController.h; sourceTree = "<group>"; };
		2DAEAB471CF712130063612F /* ThreeViewController.m */ = {isa = PBXFileReference; fileEncoding = 4; lastKnownFileType = sourcecode.c.objc; path = ThreeViewController.m; sourceTree = "<group>"; };
		2DAEAB491CF712200063612F /* FourViewController.h */ = {isa = PBXFileReference; fileEncoding = 4; lastKnownFileType = sourcecode.c.h; path = FourViewController.h; sourceTree = "<group>"; };
		2DAEAB4A1CF712200063612F /* FourViewController.m */ = {isa = PBXFileReference; fileEncoding = 4; lastKnownFileType = sourcecode.c.objc; path = FourViewController.m; sourceTree = "<group>"; };
		2DAEAB4C1CF712300063612F /* FiveViewController.h */ = {isa = PBXFileReference; fileEncoding = 4; lastKnownFileType = sourcecode.c.h; path = FiveViewController.h; sourceTree = "<group>"; };
		2DAEAB4D1CF712300063612F /* FiveViewController.m */ = {isa = PBXFileReference; fileEncoding = 4; lastKnownFileType = sourcecode.c.objc; path = FiveViewController.m; sourceTree = "<group>"; };
		2DAEAB4F1CF712DA0063612F /* SixViewController.h */ = {isa = PBXFileReference; fileEncoding = 4; lastKnownFileType = sourcecode.c.h; path = SixViewController.h; sourceTree = "<group>"; };
		2DAEAB501CF712DA0063612F /* SixViewController.m */ = {isa = PBXFileReference; fileEncoding = 4; lastKnownFileType = sourcecode.c.objc; path = SixViewController.m; sourceTree = "<group>"; };
		2DAEAB521CF71DA10063612F /* SevenViewController.h */ = {isa = PBXFileReference; fileEncoding = 4; lastKnownFileType = sourcecode.c.h; path = SevenViewController.h; sourceTree = "<group>"; };
		2DAEAB531CF71DA10063612F /* SevenViewController.m */ = {isa = PBXFileReference; fileEncoding = 4; lastKnownFileType = sourcecode.c.objc; path = SevenViewController.m; sourceTree = "<group>"; };
		2DAEAB551CF7210E0063612F /* EightViewController.h */ = {isa = PBXFileReference; fileEncoding = 4; lastKnownFileType = sourcecode.c.h; path = EightViewController.h; sourceTree = "<group>"; };
		2DAEAB561CF7210E0063612F /* EightViewController.m */ = {isa = PBXFileReference; fileEncoding = 4; lastKnownFileType = sourcecode.c.objc; path = EightViewController.m; sourceTree = "<group>"; };
/* End PBXFileReference section */

/* Begin PBXFrameworksBuildPhase section */
		2DAEAB0B1CF6FF1A0063612F /* Frameworks */ = {
			isa = PBXFrameworksBuildPhase;
			buildActionMask = 2147483647;
			files = (
				2DAEAB3C1CF70C0F0063612F /* libz.tbd in Frameworks */,
				2DAEAB3A1CF70BFD0063612F /* JavaScriptCore.framework in Frameworks */,
				2DAEAB381CF70BEE0063612F /* JSPatch.framework in Frameworks */,
			);
			runOnlyForDeploymentPostprocessing = 0;
		};
		2DAEAB241CF6FF1A0063612F /* Frameworks */ = {
			isa = PBXFrameworksBuildPhase;
			buildActionMask = 2147483647;
			files = (
			);
			runOnlyForDeploymentPostprocessing = 0;
		};
/* End PBXFrameworksBuildPhase section */

/* Begin PBXGroup section */
		2DAEAB051CF6FF1A0063612F = {
			isa = PBXGroup;
			children = (
				2DAEAB361CF70BE20063612F /* Framework */,
				2DAEAB101CF6FF1A0063612F /* Demo_JSPatch */,
				2DAEAB2A1CF6FF1A0063612F /* Demo_JSPatchTests */,
				2DAEAB0F1CF6FF1A0063612F /* Products */,
			);
			sourceTree = "<group>";
		};
		2DAEAB0F1CF6FF1A0063612F /* Products */ = {
			isa = PBXGroup;
			children = (
				2DAEAB0E1CF6FF1A0063612F /* Demo_JSPatch.app */,
				2DAEAB271CF6FF1A0063612F /* Demo_JSPatchTests.xctest */,
			);
			name = Products;
			sourceTree = "<group>";
		};
		2DAEAB101CF6FF1A0063612F /* Demo_JSPatch */ = {
			isa = PBXGroup;
			children = (
				2DAEAB3D1CF70C2E0063612F /* main.js */,
				2DAEAB141CF6FF1A0063612F /* AppDelegate.h */,
				2DAEAB151CF6FF1A0063612F /* AppDelegate.m */,
				2DAEAB3F1CF70C410063612F /* Controllers */,
				2DAEAB111CF6FF1A0063612F /* Supporting Files */,
			);
			path = Demo_JSPatch;
			sourceTree = "<group>";
		};
		2DAEAB111CF6FF1A0063612F /* Supporting Files */ = {
			isa = PBXGroup;
			children = (
				2DAEAB1A1CF6FF1A0063612F /* Main.storyboard */,
				2DAEAB1D1CF6FF1A0063612F /* Assets.xcassets */,
				2DAEAB1F1CF6FF1A0063612F /* LaunchScreen.storyboard */,
				2DAEAB221CF6FF1A0063612F /* Info.plist */,
				2DAEAB121CF6FF1A0063612F /* main.m */,
			);
			name = "Supporting Files";
			sourceTree = "<group>";
		};
		2DAEAB2A1CF6FF1A0063612F /* Demo_JSPatchTests */ = {
			isa = PBXGroup;
			children = (
				2DAEAB2B1CF6FF1A0063612F /* Demo_JSPatchTests.m */,
				2DAEAB2D1CF6FF1A0063612F /* Info.plist */,
			);
			path = Demo_JSPatchTests;
			sourceTree = "<group>";
		};
		2DAEAB361CF70BE20063612F /* Framework */ = {
			isa = PBXGroup;
			children = (
				2DAEAB3B1CF70C0F0063612F /* libz.tbd */,
				2DAEAB391CF70BFD0063612F /* JavaScriptCore.framework */,
				2DAEAB371CF70BEE0063612F /* JSPatch.framework */,
			);
			name = Framework;
			sourceTree = "<group>";
		};
		2DAEAB3F1CF70C410063612F /* Controllers */ = {
			isa = PBXGroup;
			children = (
				2DAEAB171CF6FF1A0063612F /* ViewController.h */,
				2DAEAB181CF6FF1A0063612F /* ViewController.m */,
				2DAEAB401CF70FFE0063612F /* OneViewController.h */,
				2DAEAB411CF70FFE0063612F /* OneViewController.m */,
				2DAEAB431CF711E20063612F /* TwoViewController.h */,
				2DAEAB441CF711E20063612F /* TwoViewController.m */,
				2DAEAB461CF712130063612F /* ThreeViewController.h */,
				2DAEAB471CF712130063612F /* ThreeViewController.m */,
				2DAEAB491CF712200063612F /* FourViewController.h */,
				2DAEAB4A1CF712200063612F /* FourViewController.m */,
				2DAEAB4C1CF712300063612F /* FiveViewController.h */,
				2DAEAB4D1CF712300063612F /* FiveViewController.m */,
				2DAEAB4F1CF712DA0063612F /* SixViewController.h */,
				2DAEAB501CF712DA0063612F /* SixViewController.m */,
				2DAEAB521CF71DA10063612F /* SevenViewController.h */,
				2DAEAB531CF71DA10063612F /* SevenViewController.m */,
				2DAEAB551CF7210E0063612F /* EightViewController.h */,
				2DAEAB561CF7210E0063612F /* EightViewController.m */,
			);
			name = Controllers;
			sourceTree = "<group>";
		};
/* End PBXGroup section */

/* Begin PBXNativeTarget section */
		2DAEAB0D1CF6FF1A0063612F /* Demo_JSPatch */ = {
			isa = PBXNativeTarget;
			buildConfigurationList = 2DAEAB301CF6FF1A0063612F /* Build configuration list for PBXNativeTarget "Demo_JSPatch" */;
			buildPhases = (
				2DAEAB0A1CF6FF1A0063612F /* Sources */,
				2DAEAB0B1CF6FF1A0063612F /* Frameworks */,
				2DAEAB0C1CF6FF1A0063612F /* Resources */,
			);
			buildRules = (
			);
			dependencies = (
			);
			name = Demo_JSPatch;
			productName = Demo_JSPatch;
			productReference = 2DAEAB0E1CF6FF1A0063612F /* Demo_JSPatch.app */;
			productType = "com.apple.product-type.application";
		};
		2DAEAB261CF6FF1A0063612F /* Demo_JSPatchTests */ = {
			isa = PBXNativeTarget;
			buildConfigurationList = 2DAEAB331CF6FF1A0063612F /* Build configuration list for PBXNativeTarget "Demo_JSPatchTests" */;
			buildPhases = (
				2DAEAB231CF6FF1A0063612F /* Sources */,
				2DAEAB241CF6FF1A0063612F /* Frameworks */,
				2DAEAB251CF6FF1A0063612F /* Resources */,
			);
			buildRules = (
			);
			dependencies = (
				2DAEAB291CF6FF1A0063612F /* PBXTargetDependency */,
			);
			name = Demo_JSPatchTests;
			productName = Demo_JSPatchTests;
			productReference = 2DAEAB271CF6FF1A0063612F /* Demo_JSPatchTests.xctest */;
			productType = "com.apple.product-type.bundle.unit-test";
		};
/* End PBXNativeTarget section */

/* Begin PBXProject section */
		2DAEAB061CF6FF1A0063612F /* Project object */ = {
			isa = PBXProject;
			attributes = {
				LastUpgradeCheck = 0720;
				ORGANIZATIONNAME = WanJianTechnology;
				TargetAttributes = {
					2DAEAB0D1CF6FF1A0063612F = {
						CreatedOnToolsVersion = 7.2;
					};
					2DAEAB261CF6FF1A0063612F = {
						CreatedOnToolsVersion = 7.2;
						TestTargetID = 2DAEAB0D1CF6FF1A0063612F;
					};
				};
			};
			buildConfigurationList = 2DAEAB091CF6FF1A0063612F /* Build configuration list for PBXProject "Demo_JSPatch" */;
			compatibilityVersion = "Xcode 3.2";
			developmentRegion = English;
			hasScannedForEncodings = 0;
			knownRegions = (
				en,
				Base,
			);
			mainGroup = 2DAEAB051CF6FF1A0063612F;
			productRefGroup = 2DAEAB0F1CF6FF1A0063612F /* Products */;
			projectDirPath = "";
			projectRoot = "";
			targets = (
				2DAEAB0D1CF6FF1A0063612F /* Demo_JSPatch */,
				2DAEAB261CF6FF1A0063612F /* Demo_JSPatchTests */,
			);
		};
/* End PBXProject section */

/* Begin PBXResourcesBuildPhase section */
		2DAEAB0C1CF6FF1A0063612F /* Resources */ = {
			isa = PBXResourcesBuildPhase;
			buildActionMask = 2147483647;
			files = (
				2DAEAB211CF6FF1A0063612F /* LaunchScreen.storyboard in Resources */,
				2DAEAB1E1CF6FF1A0063612F /* Assets.xcassets in Resources */,
				2DAEAB1C1CF6FF1A0063612F /* Main.storyboard in Resources */,
				2DAEAB3E1CF70C2E0063612F /* main.js in Resources */,
			);
			runOnlyForDeploymentPostprocessing = 0;
		};
		2DAEAB251CF6FF1A0063612F /* Resources */ = {
			isa = PBXResourcesBuildPhase;
			buildActionMask = 2147483647;
			files = (
			);
			runOnlyForDeploymentPostprocessing = 0;
		};
/* End PBXResourcesBuildPhase section */

/* Begin PBXSourcesBuildPhase section */
		2DAEAB0A1CF6FF1A0063612F /* Sources */ = {
			isa = PBXSourcesBuildPhase;
			buildActionMask = 2147483647;
			files = (
				2DAEAB4E1CF712300063612F /* FiveViewController.m in Sources */,
				2DAEAB511CF712DA0063612F /* SixViewController.m in Sources */,
				2DAEAB4B1CF712200063612F /* FourViewController.m in Sources */,
				2DAEAB191CF6FF1A0063612F /* ViewController.m in Sources */,
				2DAEAB571CF7210E0063612F /* EightViewController.m in Sources */,
				2DAEAB161CF6FF1A0063612F /* AppDelegate.m in Sources */,
				2DAEAB131CF6FF1A0063612F /* main.m in Sources */,
				2DAEAB541CF71DA10063612F /* SevenViewController.m in Sources */,
				2DAEAB481CF712130063612F /* ThreeViewController.m in Sources */,
				2DAEAB451CF711E20063612F /* TwoViewController.m in Sources */,
				2DAEAB421CF70FFE0063612F /* OneViewController.m in Sources */,
			);
			runOnlyForDeploymentPostprocessing = 0;
		};
		2DAEAB231CF6FF1A0063612F /* Sources */ = {
			isa = PBXSourcesBuildPhase;
			buildActionMask = 2147483647;
			files = (
				2DAEAB2C1CF6FF1A0063612F /* Demo_JSPatchTests.m in Sources */,
			);
			runOnlyForDeploymentPostprocessing = 0;
		};
/* End PBXSourcesBuildPhase section */

/* Begin PBXTargetDependency section */
		2DAEAB291CF6FF1A0063612F /* PBXTargetDependency */ = {
			isa = PBXTargetDependency;
			target = 2DAEAB0D1CF6FF1A0063612F /* Demo_JSPatch */;
			targetProxy = 2DAEAB281CF6FF1A0063612F /* PBXContainerItemProxy */;
		};
/* End PBXTargetDependency section */

/* Begin PBXVariantGroup section */
		2DAEAB1A1CF6FF1A0063612F /* Main.storyboard */ = {
			isa = PBXVariantGroup;
			children = (
				2DAEAB1B1CF6FF1A0063612F /* Base */,
			);
			name = Main.storyboard;
			sourceTree = "<group>";
		};
		2DAEAB1F1CF6FF1A0063612F /* LaunchScreen.storyboard */ = {
			isa = PBXVariantGroup;
			children = (
				2DAEAB201CF6FF1A0063612F /* Base */,
			);
			name = LaunchScreen.storyboard;
			sourceTree = "<group>";
		};
/* End PBXVariantGroup section */

/* Begin XCBuildConfiguration section */
		2DAEAB2E1CF6FF1A0063612F /* Debug */ = {
			isa = XCBuildConfiguration;
			buildSettings = {
				ALWAYS_SEARCH_USER_PATHS = NO;
				CLANG_CXX_LANGUAGE_STANDARD = "gnu++0x";
				CLANG_CXX_LIBRARY = "libc++";
				CLANG_ENABLE_MODULES = YES;
				CLANG_ENABLE_OBJC_ARC = YES;
				CLANG_WARN_BOOL_CONVERSION = YES;
				CLANG_WARN_CONSTANT_CONVERSION = YES;
				CLANG_WARN_DIRECT_OBJC_ISA_USAGE = YES_ERROR;
				CLANG_WARN_EMPTY_BODY = YES;
				CLANG_WARN_ENUM_CONVERSION = YES;
				CLANG_WARN_INT_CONVERSION = YES;
				CLANG_WARN_OBJC_ROOT_CLASS = YES_ERROR;
				CLANG_WARN_UNREACHABLE_CODE = YES;
				CLANG_WARN__DUPLICATE_METHOD_MATCH = YES;
				"CODE_SIGN_IDENTITY[sdk=iphoneos*]" = "iPhone Developer";
				COPY_PHASE_STRIP = NO;
				DEBUG_INFORMATION_FORMAT = dwarf;
				ENABLE_STRICT_OBJC_MSGSEND = YES;
				ENABLE_TESTABILITY = YES;
				GCC_C_LANGUAGE_STANDARD = gnu99;
				GCC_DYNAMIC_NO_PIC = NO;
				GCC_NO_COMMON_BLOCKS = YES;
				GCC_OPTIMIZATION_LEVEL = 0;
				GCC_PREPROCESSOR_DEFINITIONS = (
					"DEBUG=1",
					"$(inherited)",
				);
				GCC_WARN_64_TO_32_BIT_CONVERSION = YES;
				GCC_WARN_ABOUT_RETURN_TYPE = YES_ERROR;
				GCC_WARN_UNDECLARED_SELECTOR = YES;
				GCC_WARN_UNINITIALIZED_AUTOS = YES_AGGRESSIVE;
				GCC_WARN_UNUSED_FUNCTION = YES;
				GCC_WARN_UNUSED_VARIABLE = YES;
				IPHONEOS_DEPLOYMENT_TARGET = 9.2;
				MTL_ENABLE_DEBUG_INFO = YES;
				ONLY_ACTIVE_ARCH = YES;
				SDKROOT = iphoneos;
			};
			name = Debug;
		};
		2DAEAB2F1CF6FF1A0063612F /* Release */ = {
			isa = XCBuildConfiguration;
			buildSettings = {
				ALWAYS_SEARCH_USER_PATHS = NO;
				CLANG_CXX_LANGUAGE_STANDARD = "gnu++0x";
				CLANG_CXX_LIBRARY = "libc++";
				CLANG_ENABLE_MODULES = YES;
				CLANG_ENABLE_OBJC_ARC = YES;
				CLANG_WARN_BOOL_CONVERSION = YES;
				CLANG_WARN_CONSTANT_CONVERSION = YES;
				CLANG_WARN_DIRECT_OBJC_ISA_USAGE = YES_ERROR;
				CLANG_WARN_EMPTY_BODY = YES;
				CLANG_WARN_ENUM_CONVERSION = YES;
				CLANG_WARN_INT_CONVERSION = YES;
				CLANG_WARN_OBJC_ROOT_CLASS = YES_ERROR;
				CLANG_WARN_UNREACHABLE_CODE = YES;
				CLANG_WARN__DUPLICATE_METHOD_MATCH = YES;
				"CODE_SIGN_IDENTITY[sdk=iphoneos*]" = "iPhone Developer";
				COPY_PHASE_STRIP = NO;
				DEBUG_INFORMATION_FORMAT = "dwarf-with-dsym";
				ENABLE_NS_ASSERTIONS = NO;
				ENABLE_STRICT_OBJC_MSGSEND = YES;
				GCC_C_LANGUAGE_STANDARD = gnu99;
				GCC_NO_COMMON_BLOCKS = YES;
				GCC_WARN_64_TO_32_BIT_CONVERSION = YES;
				GCC_WARN_ABOUT_RETURN_TYPE = YES_ERROR;
				GCC_WARN_UNDECLARED_SELECTOR = YES;
				GCC_WARN_UNINITIALIZED_AUTOS = YES_AGGRESSIVE;
				GCC_WARN_UNUSED_FUNCTION = YES;
				GCC_WARN_UNUSED_VARIABLE = YES;
				IPHONEOS_DEPLOYMENT_TARGET = 9.2;
				MTL_ENABLE_DEBUG_INFO = NO;
				SDKROOT = iphoneos;
				VALIDATE_PRODUCT = YES;
			};
			name = Release;
		};
		2DAEAB311CF6FF1A0063612F /* Debug */ = {
			isa = XCBuildConfiguration;
			buildSettings = {
				ASSETCATALOG_COMPILER_APPICON_NAME = AppIcon;
				FRAMEWORK_SEARCH_PATHS = (
					"$(inherited)",
					"$(PROJECT_DIR)/Demo_JSPatch",
				);
				INFOPLIST_FILE = Demo_JSPatch/Info.plist;
				LD_RUNPATH_SEARCH_PATHS = "$(inherited) @executable_path/Frameworks";
				PRODUCT_BUNDLE_IDENTIFIER = "com.WanJianTechnology.Demo-JSPatch";
				PRODUCT_NAME = "$(TARGET_NAME)";
			};
			name = Debug;
		};
		2DAEAB321CF6FF1A0063612F /* Release */ = {
			isa = XCBuildConfiguration;
			buildSettings = {
				ASSETCATALOG_COMPILER_APPICON_NAME = AppIcon;
				FRAMEWORK_SEARCH_PATHS = (
					"$(inherited)",
					"$(PROJECT_DIR)/Demo_JSPatch",
				);
				INFOPLIST_FILE = Demo_JSPatch/Info.plist;
				LD_RUNPATH_SEARCH_PATHS = "$(inherited) @executable_path/Frameworks";
				PRODUCT_BUNDLE_IDENTIFIER = "com.WanJianTechnology.Demo-JSPatch";
				PRODUCT_NAME = "$(TARGET_NAME)";
			};
			name = Release;
		};
		2DAEAB341CF6FF1A0063612F /* Debug */ = {
			isa = XCBuildConfiguration;
			buildSettings = {
				BUNDLE_LOADER = "$(TEST_HOST)";
				INFOPLIST_FILE = Demo_JSPatchTests/Info.plist;
				LD_RUNPATH_SEARCH_PATHS = "$(inherited) @executable_path/Frameworks @loader_path/Frameworks";
				PRODUCT_BUNDLE_IDENTIFIER = "com.WanJianTechnology.Demo-JSPatchTests";
				PRODUCT_NAME = "$(TARGET_NAME)";
				TEST_HOST = "$(BUILT_PRODUCTS_DIR)/Demo_JSPatch.app/Demo_JSPatch";
			};
			name = Debug;
		};
		2DAEAB351CF6FF1A0063612F /* Release */ = {
			isa = XCBuildConfiguration;
			buildSettings = {
				BUNDLE_LOADER = "$(TEST_HOST)";
				INFOPLIST_FILE = Demo_JSPatchTests/Info.plist;
				LD_RUNPATH_SEARCH_PATHS = "$(inherited) @executable_path/Frameworks @loader_path/Frameworks";
				PRODUCT_BUNDLE_IDENTIFIER = "com.WanJianTechnology.Demo-JSPatchTests";
				PRODUCT_NAME = "$(TARGET_NAME)";
				TEST_HOST = "$(BUILT_PRODUCTS_DIR)/Demo_JSPatch.app/Demo_JSPatch";
			};
			name = Release;
		};
/* End XCBuildConfiguration section */

/* Begin XCConfigurationList section */
		2DAEAB091CF6FF1A0063612F /* Build configuration list for PBXProject "Demo_JSPatch" */ = {
			isa = XCConfigurationList;
			buildConfigurations = (
				2DAEAB2E1CF6FF1A0063612F /* Debug */,
				2DAEAB2F1CF6FF1A0063612F /* Release */,
			);
			defaultConfigurationIsVisible = 0;
			defaultConfigurationName = Release;
		};
		2DAEAB301CF6FF1A0063612F /* Build configuration list for PBXNativeTarget "Demo_JSPatch" */ = {
			isa = XCConfigurationList;
			buildConfigurations = (
				2DAEAB311CF6FF1A0063612F /* Debug */,
				2DAEAB321CF6FF1A0063612F /* Release */,
			);
			defaultConfigurationIsVisible = 0;
		};
		2DAEAB331CF6FF1A0063612F /* Build configuration list for PBXNativeTarget "Demo_JSPatchTests" */ = {
			isa = XCConfigurationList;
			buildConfigurations = (
				2DAEAB341CF6FF1A0063612F /* Debug */,
				2DAEAB351CF6FF1A0063612F /* Release */,
			);
			defaultConfigurationIsVisible = 0;
		};
/* End XCConfigurationList section */
	};
	rootObject = 2DAEAB061CF6FF1A0063612F /* Project object */;
}
